{
  "name": "id",
  "version": "1.0.5",
  "lockfileVersion": 2,
  "requires": true,
  "packages": {
    "": {
      "name": "id",
      "version": "1.0.5",
      "license": "MIT",
      "dependencies": {
        "cuid": "^2.1.6"
      }
    },
    "node_modules/cuid": {
      "version": "2.1.8",
      "resolved": "https://registry.npmjs.org/cuid/-/cuid-2.1.8.tgz",
      "integrity": "sha512-xiEMER6E7TlTPnDxrM4eRiC6TRgjNX9xzEZ5U/Se2YJKr7Mq4pJn/2XEHjl3STcSh96GmkHPcBXLES8M29wyyg=="
    }
  },
  "dependencies": {
    "cuid": {
      "version": "2.1.8",
      "resolved": "https://registry.npmjs.org/cuid/-/cuid-2.1.8.tgz",
      "integrity": "sha512-xiEMER6E7TlTPnDxrM4eRiC6TRgjNX9xzEZ5U/Se2YJKr7Mq4pJn/2XEHjl3STcSh96GmkHPcBXLES8M29wyyg=="
    }
  }
}
